Microsoft Visual Studio Solution File, Format Version 12.00
# Visual Studio Version 17
VisualStudioVersion = 17.13.35919.96
MinimumVisualStudioVersion = 10.0.40219.1
Project("{FAE04EC0-301F-11D3-BF4B-00C04F79EFBC}") = "smartShop", "smartShop\smartShop.csproj", "{A2C53C70-ABFD-4A2D-89E4-4A27BF9EB0BF}"
EndProject
Global
	GlobalSection(SolutionConfigurationPlatforms) = preSolution
		Debug|Any CPU = Debug|Any CPU
		Release|Any CPU = Release|Any CPU
	EndGlobalSection
	GlobalSection(ProjectConfigurationPlatforms) = postSolution
		{A2C53C70-ABFD-4A2D-89E4-4A27BF9EB0BF}.Debug|Any CPU.ActiveCfg = Debug|Any CPU
		{A2C53C70-ABFD-4A2D-89E4-4A27BF9EB0BF}.Debug|Any CPU.Build.0 = Debug|Any CPU
		{A2C53C70-ABFD-4A2D-89E4-4A27BF9EB0BF}.Release|Any CPU.ActiveCfg = Release|Any CPU
		{A2C53C70-ABFD-4A2D-89E4-4A27BF9EB0BF}.Release|Any CPU.Build.0 = Release|Any CPU
	EndGlobalSection
	GlobalSection(SolutionProperties) = preSolution
		HideSolutionNode = FALSE
	EndGlobalSection
	GlobalSection(ExtensibilityGlobals) = postSolution
		SolutionGuid = {462A3143-B3C3-474D-996F-E488962A460F}
	EndGlobalSection
EndGlobal
